
Microsoft Visual Studio Solution File, Format Version 12.00
# Visual Studio Version 17
VisualStudioVersion = 17.14.36518.9 d17.14
MinimumVisualStudioVersion = 10.0.40219.1
Project("{FAE04EC0-301F-11D3-BF4B-00C04F79EFBC}") = "ChatBotOOP", "ChatBotOOP\ChatBotOOP.csproj", "{335A9361-7DE2-4056-9BD4-9AA99D28066B}"
EndProject
Global
	GlobalSection(SolutionConfigurationPlatforms) = preSolution
		Debug|Any CPU = Debug|Any CPU
		Release|Any CPU = Release|Any CPU
	EndGlobalSection
	GlobalSection(ProjectConfigurationPlatforms) = postSolution
		{335A9361-7DE2-4056-9BD4-9AA99D28066B}.Debug|Any CPU.ActiveCfg = Debug|Any CPU
		{335A9361-7DE2-4056-9BD4-9AA99D28066B}.Debug|Any CPU.Build.0 = Debug|Any CPU
		{335A9361-7DE2-4056-9BD4-9AA99D28066B}.Release|Any CPU.ActiveCfg = Release|Any CPU
		{335A9361-7DE2-4056-9BD4-9AA99D28066B}.Release|Any CPU.Build.0 = Release|Any CPU
	EndGlobalSection
	GlobalSection(SolutionProperties) = preSolution
		HideSolutionNode = FALSE
	EndGlobalSection
	GlobalSection(ExtensibilityGlobals) = postSolution
		SolutionGuid = {466BA648-3D76-441B-B4DF-1864272A0E7C}
	EndGlobalSection
EndGlobal
